
Microsoft Visual Studio Solution File, Format Version 12.00
# Visual Studio Version 17
VisualStudioVersion = 17.7.34031.279
MinimumVisualStudioVersion = 10.0.40219.1
Project("{8BC9CEB8-8B4A-11D0-8D11-00A0C91BC942}") = "OpenGL_1", "OpenGL_1\OpenGL_1.vcxproj", "{DB0752FE-B9BD-4B76-865B-2694A39B7208}"
EndProject
Global
	GlobalSection(SolutionConfigurationPlatforms) = preSolution
		Debug|x64 = Debug|x64
		Debug|x86 = Debug|x86
		Release|x64 = Release|x64
		Release|x86 = Release|x86
	EndGlobalSection
	GlobalSection(ProjectConfigurationPlatforms) = postSolution
		{DB0752FE-B9BD-4B76-865B-2694A39B7208}.Debug|x64.ActiveCfg = Debug|x64
		{DB0752FE-B9BD-4B76-865B-2694A39B7208}.Debug|x64.Build.0 = Debug|x64
		{DB0752FE-B9BD-4B76-865B-2694A39B7208}.Debug|x86.ActiveCfg = Debug|Win32
		{DB0752FE-B9BD-4B76-865B-2694A39B7208}.Debug|x86.Build.0 = Debug|Win32
		{DB0752FE-B9BD-4B76-865B-2694A39B7208}.Release|x64.ActiveCfg = Release|x64
		{DB0752FE-B9BD-4B76-865B-2694A39B7208}.Release|x64.Build.0 = Release|x64
		{DB0752FE-B9BD-4B76-865B-2694A39B7208}.Release|x86.ActiveCfg = Release|Win32
		{DB0752FE-B9BD-4B76-865B-2694A39B7208}.Release|x86.Build.0 = Release|Win32
	EndGlobalSection
	GlobalSection(SolutionProperties) = preSolution
		HideSolutionNode = FALSE
	EndGlobalSection
	GlobalSection(ExtensibilityGlobals) = postSolution
		SolutionGuid = {84877F95-629F-4605-82F6-2D9099C80C4F}
	EndGlobalSection
EndGlobal
